Microsoft Visual Studio Solution File, Format Version 12.00
# Visual Studio Version 18
VisualStudioVersion = 18.2.11408.102
MinimumVisualStudioVersion = 10.0.40219.1
Project("{FAE04EC0-301F-11D3-BF4B-00C04F79EFBC}") = "EDA.PRESENTATION", "EDA 2.0\EDA.PRESENTATION.csproj", "{FB3C6A2C-66D2-455D-6863-F0B1C48F2FD0}"
EndProject
Project("{FAE04EC0-301F-11D3-BF4B-00C04F79EFBC}") = "EDA.APPLICATION", "EDA.APPLICATION\EDA.APPLICATION.csproj", "{423DFC0F-0DED-DB64-9867-17A806BB4003}"
EndProject
Project("{FAE04EC0-301F-11D3-BF4B-00C04F79EFBC}") = "EDA.DOMAIN", "EDA.DOMAIN\EDA.DOMAIN.csproj", "{AFE5C9E3-C98D-4ACD-47F4-92CAD08EE480}"
EndProject
Project("{FAE04EC0-301F-11D3-BF4B-00C04F79EFBC}") = "EDA.INFRAESTRUCTURE", "EDA.INFRAESTRUCTURE\EDA.INFRAESTRUCTURE.csproj", "{2D93DFB8-7E42-0C7F-2D0E-9F1CEB870A40}"
EndProject
Global
	GlobalSection(SolutionConfigurationPlatforms) = preSolution
		Debug|Any CPU = Debug|Any CPU
		Release|Any CPU = Release|Any CPU
	EndGlobalSection
	GlobalSection(ProjectConfigurationPlatforms) = postSolution
		{FB3C6A2C-66D2-455D-6863-F0B1C48F2FD0}.Debug|Any CPU.ActiveCfg = Debug|x64
		{FB3C6A2C-66D2-455D-6863-F0B1C48F2FD0}.Debug|Any CPU.Build.0 = Debug|x64
		{FB3C6A2C-66D2-455D-6863-F0B1C48F2FD0}.Release|Any CPU.ActiveCfg = Release|Any CPU
		{FB3C6A2C-66D2-455D-6863-F0B1C48F2FD0}.Release|Any CPU.Build.0 = Release|Any CPU
		{423DFC0F-0DED-DB64-9867-17A806BB4003}.Debug|Any CPU.ActiveCfg = Debug|Any CPU
		{423DFC0F-0DED-DB64-9867-17A806BB4003}.Debug|Any CPU.Build.0 = Debug|Any CPU
		{423DFC0F-0DED-DB64-9867-17A806BB4003}.Release|Any CPU.ActiveCfg = Release|Any CPU
		{423DFC0F-0DED-DB64-9867-17A806BB4003}.Release|Any CPU.Build.0 = Release|Any CPU
		{AFE5C9E3-C98D-4ACD-47F4-92CAD08EE480}.Debug|Any CPU.ActiveCfg = Debug|Any CPU
		{AFE5C9E3-C98D-4ACD-47F4-92CAD08EE480}.Debug|Any CPU.Build.0 = Debug|Any CPU
		{AFE5C9E3-C98D-4ACD-47F4-92CAD08EE480}.Release|Any CPU.ActiveCfg = Release|Any CPU
		{AFE5C9E3-C98D-4ACD-47F4-92CAD08EE480}.Release|Any CPU.Build.0 = Release|Any CPU
		{2D93DFB8-7E42-0C7F-2D0E-9F1CEB870A40}.Debug|Any CPU.ActiveCfg = Debug|Any CPU
		{2D93DFB8-7E42-0C7F-2D0E-9F1CEB870A40}.Debug|Any CPU.Build.0 = Debug|Any CPU
		{2D93DFB8-7E42-0C7F-2D0E-9F1CEB870A40}.Release|Any CPU.ActiveCfg = Release|Any CPU
		{2D93DFB8-7E42-0C7F-2D0E-9F1CEB870A40}.Release|Any CPU.Build.0 = Release|Any CPU
	EndGlobalSection
	GlobalSection(SolutionProperties) = preSolution
		HideSolutionNode = FALSE
	EndGlobalSection
	GlobalSection(ExtensibilityGlobals) = postSolution
		SolutionGuid = {C6063A9A-1390-4222-A0AE-B5D1A14B6014}
	EndGlobalSection
EndGlobal
